
Microsoft Visual Studio Solution File, Format Version 12.00
# Visual Studio Version 17
VisualStudioVersion = 17.9.34728.123
MinimumVisualStudioVersion = 10.0.40219.1
Project("{FAE04EC0-301F-11D3-BF4B-00C04F79EFBC}") = "Projeto", "Projeto\Projeto.csproj", "{B9F7CB29-6118-4870-8A97-C978F67DBC2B}"
EndProject
Global
	GlobalSection(SolutionConfigurationPlatforms) = preSolution
		Debug|Any CPU = Debug|Any CPU
		Release|Any CPU = Release|Any CPU
	EndGlobalSection
	GlobalSection(ProjectConfigurationPlatforms) = postSolution
		{B9F7CB29-6118-4870-8A97-C978F67DBC2B}.Debug|Any CPU.ActiveCfg = Debug|Any CPU
		{B9F7CB29-6118-4870-8A97-C978F67DBC2B}.Debug|Any CPU.Build.0 = Debug|Any CPU
		{B9F7CB29-6118-4870-8A97-C978F67DBC2B}.Release|Any CPU.ActiveCfg = Release|Any CPU
		{B9F7CB29-6118-4870-8A97-C978F67DBC2B}.Release|Any CPU.Build.0 = Release|Any CPU
	EndGlobalSection
	GlobalSection(SolutionProperties) = preSolution
		HideSolutionNode = FALSE
	EndGlobalSection
	GlobalSection(ExtensibilityGlobals) = postSolution
		SolutionGuid = {ED6C5A93-208D-49CA-A2AE-C47567A3293F}
	EndGlobalSection
EndGlobal
